
Microsoft Visual Studio Solution File, Format Version 12.00
# Visual Studio Version 17
VisualStudioVersion = 17.3.32825.248
MinimumVisualStudioVersion = 10.0.40219.1
Project("{9A19103F-16F7-4668-BE54-9A1E7A4F7556}") = "MyAspNetCoreApp.Web", "MyAspNetCoreApp.Web\MyAspNetCoreApp.Web.csproj", "{DC668C42-DF33-41AD-BF02-773325092CE3}"
EndProject
Global
	GlobalSection(SolutionConfigurationPlatforms) = preSolution
		Debug|Any CPU = Debug|Any CPU
		Release|Any CPU = Release|Any CPU
	EndGlobalSection
	GlobalSection(ProjectConfigurationPlatforms) = postSolution
		{DC668C42-DF33-41AD-BF02-773325092CE3}.Debug|Any CPU.ActiveCfg = Debug|Any CPU
		{DC668C42-DF33-41AD-BF02-773325092CE3}.Debug|Any CPU.Build.0 = Debug|Any CPU
		{DC668C42-DF33-41AD-BF02-773325092CE3}.Release|Any CPU.ActiveCfg = Release|Any CPU
		{DC668C42-DF33-41AD-BF02-773325092CE3}.Release|Any CPU.Build.0 = Release|Any CPU
	EndGlobalSection
	GlobalSection(SolutionProperties) = preSolution
		HideSolutionNode = FALSE
	EndGlobalSection
	GlobalSection(ExtensibilityGlobals) = postSolution
		SolutionGuid = {A6C57358-95FA-4BAC-802B-00C5817C1373}
	EndGlobalSection
EndGlobal
